
Microsoft Visual Studio Solution File, Format Version 12.00
# Visual Studio 15
VisualStudioVersion = 15.0.28010.2026
MinimumVisualStudioVersion = 10.0.40219.1
Project("{2150E333-8FDC-42A3-9474-1A3956D46DE8}") = "Solution Items", "Solution Items", "{6BBE752C-25E1-492E-A5C2-81C61602E72E}"
	ProjectSection(SolutionItems) = preProject
		..\.gitignore = ..\.gitignore
		..\LICENSE = ..\LICENSE
		..\README.md = ..\README.md
	EndProjectSection
EndProject
Project("{9A19103F-16F7-4668-BE54-9A1E7A4F7556}") = "Banzai", "Banzai\Banzai.csproj", "{A8077697-24C3-4B06-B0F0-3B7F47F5FD0A}"
EndProject
Project("{2150E333-8FDC-42A3-9474-1A3956D46DE8}") = "test", "test", "{6F9CD8FF-CF79-4010-BF8B-1C677579A828}"
EndProject
Project("{9A19103F-16F7-4668-BE54-9A1E7A4F7556}") = "Banzai.Test", "..\test\Banzai.Test\Banzai.Test.csproj", "{CBFB8C22-ADDB-423E-9071-FDD2186463EB}"
EndProject
Project("{9A19103F-16F7-4668-BE54-9A1E7A4F7556}") = "Banzai.Autofac", "Banzai.Autofac\Banzai.Autofac.csproj", "{3A08C3CC-5FA3-447B-BF07-E728B9CE618C}"
EndProject
Project("{9A19103F-16F7-4668-BE54-9A1E7A4F7556}") = "Banzai.Autofac.Test", "..\test\Banzai.Autofac.Test\Banzai.Autofac.Test.csproj", "{20B354AA-CBA7-4B00-9AD5-3C72CAD81885}"
EndProject
Project("{FAE04EC0-301F-11D3-BF4B-00C04F79EFBC}") = "Banzai.Json", "Banzai.Json\Banzai.Json.csproj", "{18CEB3EB-BA94-411E-BB21-0F2540D7EBF7}"
EndProject
Project("{FAE04EC0-301F-11D3-BF4B-00C04F79EFBC}") = "Banzai.Json.Test", "..\test\Banzai.Json.Test\Banzai.Json.Test.csproj", "{4E1FB377-B461-477D-88D6-DA0A964C51FF}"
EndProject
Project("{FAE04EC0-301F-11D3-BF4B-00C04F79EFBC}") = "Banzai.NLog", "Banzai.NLog\Banzai.NLog.csproj", "{5FB6296C-7FF6-4EFE-9664-4B668A746BC7}"
EndProject
Project("{FAE04EC0-301F-11D3-BF4B-00C04F79EFBC}") = "Banzai.NLog.Test", "..\test\Banzai.NLog.Test\Banzai.NLog.Test.csproj", "{BBA09C6E-AC29-4CEF-AF74-A1BB09B8BFE1}"
EndProject
Project("{FAE04EC0-301F-11D3-BF4B-00C04F79EFBC}") = "Banzai.Ninject", "Banzai.Ninject\Banzai.Ninject.csproj", "{871967DF-24EE-449D-ABE8-1952C3280D29}"
EndProject
Project("{FAE04EC0-301F-11D3-BF4B-00C04F79EFBC}") = "Banzai.Ninject.Test", "..\test\Banzai.Ninject.Test\Banzai.Ninject.Test.csproj", "{D7DC126B-9D73-4785-951F-942C4F714241}"
EndProject
Project("{FAE04EC0-301F-11D3-BF4B-00C04F79EFBC}") = "Banzai.Log4Net", "Banzai.Log4Net\Banzai.Log4Net.csproj", "{A21720BE-9257-4F4E-9CAF-C52D614D499D}"
EndProject
Project("{FAE04EC0-301F-11D3-BF4B-00C04F79EFBC}") = "Banzai.Log4Net.Test", "..\test\Banzai.Log4Net.Test\Banzai.Log4Net.Test.csproj", "{033C1BDB-400C-40CC-B94F-7432A764E444}"
EndProject
Global
	GlobalSection(SolutionConfigurationPlatforms) = preSolution
		Debug|Any CPU = Debug|Any CPU
		Release|Any CPU = Release|Any CPU
	EndGlobalSection
	GlobalSection(ProjectConfigurationPlatforms) = postSolution
		{A8077697-24C3-4B06-B0F0-3B7F47F5FD0A}.Debug|Any CPU.ActiveCfg = Debug|Any CPU
		{A8077697-24C3-4B06-B0F0-3B7F47F5FD0A}.Debug|Any CPU.Build.0 = Debug|Any CPU
		{A8077697-24C3-4B06-B0F0-3B7F47F5FD0A}.Release|Any CPU.ActiveCfg = Release|Any CPU
		{A8077697-24C3-4B06-B0F0-3B7F47F5FD0A}.Release|Any CPU.Build.0 = Release|Any CPU
		{CBFB8C22-ADDB-423E-9071-FDD2186463EB}.Debug|Any CPU.ActiveCfg = Debug|Any CPU
		{CBFB8C22-ADDB-423E-9071-FDD2186463EB}.Debug|Any CPU.Build.0 = Debug|Any CPU
		{CBFB8C22-ADDB-423E-9071-FDD2186463EB}.Release|Any CPU.ActiveCfg = Release|Any CPU
		{CBFB8C22-ADDB-423E-9071-FDD2186463EB}.Release|Any CPU.Build.0 = Release|Any CPU
		{3A08C3CC-5FA3-447B-BF07-E728B9CE618C}.Debug|Any CPU.ActiveCfg = Debug|Any CPU
		{3A08C3CC-5FA3-447B-BF07-E728B9CE618C}.Debug|Any CPU.Build.0 = Debug|Any CPU
		{3A08C3CC-5FA3-447B-BF07-E728B9CE618C}.Release|Any CPU.ActiveCfg = Release|Any CPU
		{3A08C3CC-5FA3-447B-BF07-E728B9CE618C}.Release|Any CPU.Build.0 = Release|Any CPU
		{20B354AA-CBA7-4B00-9AD5-3C72CAD81885}.Debug|Any CPU.ActiveCfg = Debug|Any CPU
		{20B354AA-CBA7-4B00-9AD5-3C72CAD81885}.Debug|Any CPU.Build.0 = Debug|Any CPU
		{20B354AA-CBA7-4B00-9AD5-3C72CAD81885}.Release|Any CPU.ActiveCfg = Release|Any CPU
		{20B354AA-CBA7-4B00-9AD5-3C72CAD81885}.Release|Any CPU.Build.0 = Release|Any CPU
		{18CEB3EB-BA94-411E-BB21-0F2540D7EBF7}.Debug|Any CPU.ActiveCfg = Debug|Any CPU
		{18CEB3EB-BA94-411E-BB21-0F2540D7EBF7}.Debug|Any CPU.Build.0 = Debug|Any CPU
		{18CEB3EB-BA94-411E-BB21-0F2540D7EBF7}.Release|Any CPU.ActiveCfg = Release|Any CPU
		{18CEB3EB-BA94-411E-BB21-0F2540D7EBF7}.Release|Any CPU.Build.0 = Release|Any CPU
		{4E1FB377-B461-477D-88D6-DA0A964C51FF}.Debug|Any CPU.ActiveCfg = Debug|Any CPU
		{4E1FB377-B461-477D-88D6-DA0A964C51FF}.Debug|Any CPU.Build.0 = Debug|Any CPU
		{4E1FB377-B461-477D-88D6-DA0A964C51FF}.Release|Any CPU.ActiveCfg = Release|Any CPU
		{4E1FB377-B461-477D-88D6-DA0A964C51FF}.Release|Any CPU.Build.0 = Release|Any CPU
		{5FB6296C-7FF6-4EFE-9664-4B668A746BC7}.Debug|Any CPU.ActiveCfg = Debug|Any CPU
		{5FB6296C-7FF6-4EFE-9664-4B668A746BC7}.Debug|Any CPU.Build.0 = Debug|Any CPU
		{5FB6296C-7FF6-4EFE-9664-4B668A746BC7}.Release|Any CPU.ActiveCfg = Release|Any CPU
		{5FB6296C-7FF6-4EFE-9664-4B668A746BC7}.Release|Any CPU.Build.0 = Release|Any CPU
		{BBA09C6E-AC29-4CEF-AF74-A1BB09B8BFE1}.Debug|Any CPU.ActiveCfg = Debug|Any CPU
		{BBA09C6E-AC29-4CEF-AF74-A1BB09B8BFE1}.Debug|Any CPU.Build.0 = Debug|Any CPU
		{BBA09C6E-AC29-4CEF-AF74-A1BB09B8BFE1}.Release|Any CPU.ActiveCfg = Release|Any CPU
		{BBA09C6E-AC29-4CEF-AF74-A1BB09B8BFE1}.Release|Any CPU.Build.0 = Release|Any CPU
		{871967DF-24EE-449D-ABE8-1952C3280D29}.Debug|Any CPU.ActiveCfg = Debug|Any CPU
		{871967DF-24EE-449D-ABE8-1952C3280D29}.Debug|Any CPU.Build.0 = Debug|Any CPU
		{871967DF-24EE-449D-ABE8-1952C3280D29}.Release|Any CPU.ActiveCfg = Release|Any CPU
		{871967DF-24EE-449D-ABE8-1952C3280D29}.Release|Any CPU.Build.0 = Release|Any CPU
		{D7DC126B-9D73-4785-951F-942C4F714241}.Debug|Any CPU.ActiveCfg = Debug|Any CPU
		{D7DC126B-9D73-4785-951F-942C4F714241}.Debug|Any CPU.Build.0 = Debug|Any CPU
		{D7DC126B-9D73-4785-951F-942C4F714241}.Release|Any CPU.ActiveCfg = Release|Any CPU
		{D7DC126B-9D73-4785-951F-942C4F714241}.Release|Any CPU.Build.0 = Release|Any CPU
		{A21720BE-9257-4F4E-9CAF-C52D614D499D}.Debug|Any CPU.ActiveCfg = Debug|Any CPU
		{A21720BE-9257-4F4E-9CAF-C52D614D499D}.Debug|Any CPU.Build.0 = Debug|Any CPU
		{A21720BE-9257-4F4E-9CAF-C52D614D499D}.Release|Any CPU.ActiveCfg = Release|Any CPU
		{A21720BE-9257-4F4E-9CAF-C52D614D499D}.Release|Any CPU.Build.0 = Release|Any CPU
		{033C1BDB-400C-40CC-B94F-7432A764E444}.Debug|Any CPU.ActiveCfg = Debug|Any CPU
		{033C1BDB-400C-40CC-B94F-7432A764E444}.Debug|Any CPU.Build.0 = Debug|Any CPU
		{033C1BDB-400C-40CC-B94F-7432A764E444}.Release|Any CPU.ActiveCfg = Release|Any CPU
		{033C1BDB-400C-40CC-B94F-7432A764E444}.Release|Any CPU.Build.0 = Release|Any CPU
	EndGlobalSection
	GlobalSection(SolutionProperties) = preSolution
		HideSolutionNode = FALSE
	EndGlobalSection
	GlobalSection(NestedProjects) = preSolution
		{CBFB8C22-ADDB-423E-9071-FDD2186463EB} = {6F9CD8FF-CF79-4010-BF8B-1C677579A828}
		{20B354AA-CBA7-4B00-9AD5-3C72CAD81885} = {6F9CD8FF-CF79-4010-BF8B-1C677579A828}
		{4E1FB377-B461-477D-88D6-DA0A964C51FF} = {6F9CD8FF-CF79-4010-BF8B-1C677579A828}
		{BBA09C6E-AC29-4CEF-AF74-A1BB09B8BFE1} = {6F9CD8FF-CF79-4010-BF8B-1C677579A828}
		{D7DC126B-9D73-4785-951F-942C4F714241} = {6F9CD8FF-CF79-4010-BF8B-1C677579A828}
		{033C1BDB-400C-40CC-B94F-7432A764E444} = {6F9CD8FF-CF79-4010-BF8B-1C677579A828}
	EndGlobalSection
	GlobalSection(ExtensibilityGlobals) = postSolution
		SolutionGuid = {9F9F6D33-5F75-4250-B17C-69B96C24762C}
	EndGlobalSection
EndGlobal
