
Microsoft Visual Studio Solution File, Format Version 12.00
# Visual Studio 2013
VisualStudioVersion = 12.0.30723.0
MinimumVisualStudioVersion = 10.0.40219.1
Project("{FAE04EC0-301F-11D3-BF4B-00C04F79EFBC}") = "Banzai.Core", "Banzai.Core\Banzai.Core.csproj", "{A8077697-24C3-4B06-B0F0-3B7F47F5FD0A}"
EndProject
Project("{FAE04EC0-301F-11D3-BF4B-00C04F79EFBC}") = "Banzai.Core.Test", "Banzai.Core.Test\Banzai.Core.Test.csproj", "{2B172DE9-5CA1-451F-90A8-20513D3A3307}"
EndProject
Global
	GlobalSection(SolutionConfigurationPlatforms) = preSolution
		Debug|Any CPU = Debug|Any CPU
		Release|Any CPU = Release|Any CPU
	EndGlobalSection
	GlobalSection(ProjectConfigurationPlatforms) = postSolution
		{A8077697-24C3-4B06-B0F0-3B7F47F5FD0A}.Debug|Any CPU.ActiveCfg = Debug|Any CPU
		{A8077697-24C3-4B06-B0F0-3B7F47F5FD0A}.Debug|Any CPU.Build.0 = Debug|Any CPU
		{A8077697-24C3-4B06-B0F0-3B7F47F5FD0A}.Release|Any CPU.ActiveCfg = Release|Any CPU
		{A8077697-24C3-4B06-B0F0-3B7F47F5FD0A}.Release|Any CPU.Build.0 = Release|Any CPU
		{2B172DE9-5CA1-451F-90A8-20513D3A3307}.Debug|Any CPU.ActiveCfg = Debug|Any CPU
		{2B172DE9-5CA1-451F-90A8-20513D3A3307}.Debug|Any CPU.Build.0 = Debug|Any CPU
		{2B172DE9-5CA1-451F-90A8-20513D3A3307}.Release|Any CPU.ActiveCfg = Release|Any CPU
		{2B172DE9-5CA1-451F-90A8-20513D3A3307}.Release|Any CPU.Build.0 = Release|Any CPU
	EndGlobalSection
	GlobalSection(SolutionProperties) = preSolution
		HideSolutionNode = FALSE
	EndGlobalSection
EndGlobal
